
Microsoft Visual Studio Solution File, Format Version 12.00
# Visual Studio Version 17
VisualStudioVersion = 17.1.32319.34
MinimumVisualStudioVersion = 10.0.40219.1
Project("{FAE04EC0-301F-11D3-BF4B-00C04F79EFBC}") = "WpfApp1", "WpfApp1\WpfApp1.csproj", "{E782101B-242C-4EA9-A331-DC635DC858FE}"
EndProject
Global
	GlobalSection(SolutionConfigurationPlatforms) = preSolution
		Debug|Any CPU = Debug|Any CPU
		Release|Any CPU = Release|Any CPU
	EndGlobalSection
	GlobalSection(ProjectConfigurationPlatforms) = postSolution
		{E782101B-242C-4EA9-A331-DC635DC858FE}.Debug|Any CPU.ActiveCfg = Debug|Any CPU
		{E782101B-242C-4EA9-A331-DC635DC858FE}.Debug|Any CPU.Build.0 = Debug|Any CPU
		{E782101B-242C-4EA9-A331-DC635DC858FE}.Release|Any CPU.ActiveCfg = Release|Any CPU
		{E782101B-242C-4EA9-A331-DC635DC858FE}.Release|Any CPU.Build.0 = Release|Any CPU
	EndGlobalSection
	GlobalSection(SolutionProperties) = preSolution
		HideSolutionNode = FALSE
	EndGlobalSection
	GlobalSection(ExtensibilityGlobals) = postSolution
		SolutionGuid = {904139A8-5E9C-41D5-91D4-168DFC6ED524}
	EndGlobalSection
EndGlobal
